name: /home/hice1/dpatel878/scratch/envs/satmae
channels:
  - pytorch
  - nvidia
  - conda-forge
  - defaults
dependencies:
  - _openmp_mutex=4.5=20_gnu
  - _python_abi3_support=1.0=hd8ed1ab_3
  - aom=3.4.0=h27087fc_1
  - blas=1.0=mkl
  - brotli-python=1.1.0=py39hf88036b_3
  - bzip2=1.0.8=hda65f42_10
  - ca-certificates=2026.7.22=hbd8a1cb_0
  - certifi=2025.8.3=pyhd8ed1ab_0
  - cffi=1.17.1=py39h15c3d72_0
  - charset-normalizer=3.5.2=h1114479_0
  - cpython=3.9.23=py39hd8ed1ab_0
  - cudatoolkit=11.3.1=ha36c431_9
  - ffmpeg=5.1.0=gpl_h45a1190_101
  - font-ttf-dejavu-sans-mono=2.37=hab24e00_0
  - font-ttf-inconsolata=3.000=h77eed37_0
  - font-ttf-source-code-pro=2.038=h77eed37_0
  - font-ttf-ubuntu=0.83=h77eed37_3
  - fontconfig=2.18.3=h4db4eae_1
  - fonts-conda-ecosystem=1=0
  - fonts-conda-forge=1=hc364b38_1
  - freetype=2.14.3=ha770c72_2
  - gmp=6.3.0=hfd2156b_3
  - gnutls=3.7.6=he274497_3
  - h2=4.2.0=pyhd8ed1ab_0
  - hpack=4.1.0=pyhd8ed1ab_0
  - hyperframe=6.1.0=pyhd8ed1ab_0
  - idna=3.11=pyhf9edf01_1
  - intel-openmp=2022.1.0=h9e868ea_3769
  - jpeg=9e=h0b41bf4_3
  - lame=3.100=h166bdaf_1003
  - lcms2=2.17=heab6991_0
  - ld_impl_linux-64=2.46.1=default_hbd61a6d_102
  - lerc=4.2.0=hdb68285_0
  - libblas=3.9.0=16_linux64_mkl
  - libcblas=3.9.0=16_linux64_mkl
  - libdeflate=1.22=hb9d3cd8_0
  - libdrm=2.4.129=h7cc23a3_0
  - libegl=1.7.0=ha4b6fd6_5
  - libexpat=2.8.5=hd2095e1_0
  - libffi=3.7.0=h81df57d_1
  - libfreetype=2.14.3=ha770c72_2
  - libfreetype6=2.14.3=h5e6c136_2
  - libgcc=16.2.0=ha9f2e26_7
  - libgcc-ng=16.2.0=h69a702a_7
  - libgl=1.7.0=ha4b6fd6_5
  - libglvnd=1.7.0=ha4b6fd6_5
  - libglx=1.7.0=ha4b6fd6_5
  - libgomp=16.2.0=he0feb66_7
  - libiconv=1.18=h0cb94f2_3
  - libidn2=2.3.8=hfac485b_1
  - liblapack=3.9.0=16_linux64_mkl
  - liblzma=5.8.3=hb03c661_1
  - liblzma-devel=5.8.3=hb03c661_1
  - libnsl=2.0.1=hb9d3cd8_1
  - libpciaccess=0.19=hb03c661_1
  - libpng=1.6.59=h922cc85_0
  - libsqlite=3.53.4=h0737f62_103
  - libstdcxx=16.2.0=h934c35e_7
  - libstdcxx-ng=16.2.0=hdf11a46_7
  - libtasn1=4.21.0=hb03c661_1
  - libtiff=4.7.1=h029b1ac_0
  - libunistring=0.9.10=h7f98852_0
  - libuuid=2.42.4=hcfc3c73_0
  - libva=2.24.1=hb83e432_1
  - libvpx=1.11.0=h9c3ff4c_3
  - libwebp-base=1.6.0=hd42ef1d_1
  - libxcb=1.17.0=hb83e432_2
  - libxcrypt=4.4.38=h280c20c_0
  - libxml2=2.13.9=h2cb61b6_0
  - libzlib=1.3.2=h25fd6f3_3
  - mkl=2022.1.0=hc2b9512_224
  - ncurses=6.6=hdb14827_1
  - nettle=3.8.1=hc379101_1
  - openh264=2.3.0=h27087fc_0
  - openjpeg=2.5.4=h55fea9a_0
  - openssl=3.6.5=h781a0a9_0
  - pip=22.3.1=pyhd8ed1ab_0
  - pthread-stubs=0.4=h7cc23a3_1004
  - pycparser=2.22=pyh29332c3_1
  - pysocks=1.7.1=pyha55dd90_7
  - python=3.9.23=hc30ae73_0_cpython
  - python-gil=3.9.23=hd8ed1ab_0
  - python_abi=3.9=9_cp39
  - pytorch=1.12.1=py3.9_cuda11.3_cudnn8.3.2_0
  - pytorch-mutex=1.0=cuda
  - readline=8.3=hd6e31c0_1
  - requests=2.32.5=pyhd8ed1ab_0
  - setuptools=80.9.0=pyhff2d567_0
  - svt-av1=1.2.0=h27087fc_0
  - tk=8.6.13=noxft_h1df4ec4_4
  - torchvision=0.13.1=py39_cu113
  - typing_extensions=4.14.1=pyhe01879c_0
  - tzdata=2026c=h151e31d_0
  - urllib3=2.5.0=pyhd8ed1ab_0
  - wayland=1.26.0=hc1c935e_2
  - wayland-protocols=1.49=hd8ed1ab_0
  - wheel=0.45.1=pyhd8ed1ab_1
  - x264=1!164.3095=h7cc23a3_3
  - x265=3.5=h73f68a7_4
  - xorg-libx11=1.8.13=he1eb515_1
  - xorg-libxau=1.0.12=h7cc23a3_2
  - xorg-libxdmcp=1.1.5=h7cc23a3_2
  - xorg-libxext=1.3.7=h7cc23a3_1
  - xorg-libxfixes=6.0.2=h7cc23a3_1
  - xz=5.8.3=ha02ee65_1
  - xz-gpl-tools=5.8.3=ha02ee65_1
  - xz-tools=5.8.3=hb03c661_1
  - zlib=1.3.2=h25fd6f3_3
  - zstandard=0.23.0=py39hd399759_3
  - zstd=1.5.7=hb78ec9c_7
  - pip:
      - affine==3.0.1
      - attrs==26.1.0
      - click==8.1.8
      - click-plugins==1.1.1.2
      - cligj==0.7.2
      - joblib==1.5.3
      - numpy==1.23.5
      - pandas==1.5.3
      - pillow==9.4.0
      - pyparsing==3.3.3
      - python-dateutil==2.9.0.post0
      - pytz==2026.5
      - rasterio==1.3.6
      - scikit-learn==1.2.2
      - scipy==1.13.1
      - six==1.17.0
      - snuggs==1.4.7
      - threadpoolctl==3.7.0
      - timm==0.3.2
      - tqdm==4.65.0
prefix: /home/hice1/dpatel878/scratch/envs/satmae
